
Microsoft Visual Studio Solution File, Format Version 12.00
# Visual Studio Version 17
VisualStudioVersion = 17.11.35312.102
MinimumVisualStudioVersion = 10.0.40219.1
Project("{FAE04EC0-301F-11D3-BF4B-00C04F79EFBC}") = "Bai_02", "Bai_02\Bai_02.csproj", "{9C03F810-CE6E-453E-B44E-579E204B89BA}"
EndProject
Global
	GlobalSection(SolutionConfigurationPlatforms) = preSolution
		Debug|Any CPU = Debug|Any CPU
		Release|Any CPU = Release|Any CPU
	EndGlobalSection
	GlobalSection(ProjectConfigurationPlatforms) = postSolution
		{9C03F810-CE6E-453E-B44E-579E204B89BA}.Debug|Any CPU.ActiveCfg = Debug|Any CPU
		{9C03F810-CE6E-453E-B44E-579E204B89BA}.Debug|Any CPU.Build.0 = Debug|Any CPU
		{9C03F810-CE6E-453E-B44E-579E204B89BA}.Release|Any CPU.ActiveCfg = Release|Any CPU
		{9C03F810-CE6E-453E-B44E-579E204B89BA}.Release|Any CPU.Build.0 = Release|Any CPU
	EndGlobalSection
	GlobalSection(SolutionProperties) = preSolution
		HideSolutionNode = FALSE
	EndGlobalSection
	GlobalSection(ExtensibilityGlobals) = postSolution
		SolutionGuid = {8643474B-0E44-4566-B97B-FE3E476E8C2C}
	EndGlobalSection
EndGlobal
